// !$*UTF8*$!
{
	archiveVersion = 1;
	classes = {
	};
	objectVersion = 55;
	objects = {

/* Begin PBXBuildFile section */
		08B9881C276346DF0088CD63 /* AppDelegate.m in Sources */ = {isa = PBXBuildFile; fileRef = 08B9881B276346DF0088CD63 /* AppDelegate.m */; };
		08B9881F276346DF0088CD63 /* SceneDelegate.m in Sources */ = {isa = PBXBuildFile; fileRef = 08B9881E276346DF0088CD63 /* SceneDelegate.m */; };
		08B98822276346DF0088CD63 /* ViewController.m in Sources */ = {isa = PBXBuildFile; fileRef = 08B98821276346DF0088CD63 /* ViewController.m */; };
		08B98825276346DF0088CD63 /* Main.storyboard in Resources */ = {isa = PBXBuildFile; fileRef = 08B98823276346DF0088CD63 /* Main.storyboard */; };
		08B98827276346E40088CD63 /* Assets.xcassets in Resources */ = {isa = PBXBuildFile; fileRef = 08B98826276346E40088CD63 /* Assets.xcassets */; };
		08B9882A276346E40088CD63 /* LaunchScreen.storyboard in Resources */ = {isa = PBXBuildFile; fileRef = 08B98828276346E40088CD63 /* LaunchScreen.storyboard */; };
		08B9882D276346E40088CD63 /* main.m in Sources */ = {isa = PBXBuildFile; fileRef = 08B9882C276346E40088CD63 /* main.m */; };
		08B98837276346E40088CD63 /* LEDBoardTests.m in Sources */ = {isa = PBXBuildFile; fileRef = 08B98836276346E40088CD63 /* LEDBoardTests.m */; };
		08B98841276346E40088CD63 /* LEDBoardUITests.m in Sources */ = {isa = PBXBuildFile; fileRef = 08B98840276346E40088CD63 /* LEDBoardUITests.m */; };
		08B98843276346E40088CD63 /* LEDBoardUITestsLaunchTests.m in Sources */ = {isa = PBXBuildFile; fileRef = 08B98842276346E40088CD63 /* LEDBoardUITestsLaunchTests.m */; };
		35ED37F4ACAFD3F5A01E8D4B /* Pods_LEDBoard_LEDBoardUITests.framework in Frameworks */ = {isa = PBXBuildFile; fileRef = C94D646DB0C6FD22289E1640 /* Pods_LEDBoard_LEDBoardUITests.framework */; };
		47FB8F3F6EE114A8B1435FDD /* Pods_LEDBoard.framework in Frameworks */ = {isa = PBXBuildFile; fileRef = 0316BE0996F09D02C8E9BC73 /* Pods_LEDBoard.framework */; };
		A223548DCAC446834D9A30EC /* Pods_LEDBoardTests.framework in Frameworks */ = {isa = PBXBuildFile; fileRef = 4B2AF9647A116DD394FC2E52 /* Pods_LEDBoardTests.framework */; };
/* End PBXBuildFile section */

/* Begin PBXContainerItemProxy section */
		08B98833276346E40088CD63 /* PBXContainerItemProxy */ = {
			isa = PBXContainerItemProxy;
			containerPortal = 08B9880F276346DE0088CD63 /* Project object */;
			proxyType = 1;
			remoteGlobalIDString = 08B98816276346DE0088CD63;
			remoteInfo = LEDBoard;
		};
		08B9883D276346E40088CD63 /* PBXContainerItemProxy */ = {
			isa = PBXContainerItemProxy;
			containerPortal = 08B9880F276346DE0088CD63 /* Project object */;
			proxyType = 1;
			remoteGlobalIDString = 08B98816276346DE0088CD63;
			remoteInfo = LEDBoard;
		};
/* End PBXContainerItemProxy section */

/* Begin PBXFileReference section */
		01CB9F7D62C05FA28DFC7E0A /* Pods-LEDBoard-LEDBoardUITests.release.xcconfig */ = {isa = PBXFileReference; includeInIndex = 1; lastKnownFileType = text.xcconfig; name = "Pods-LEDBoard-LEDBoardUITests.release.xcconfig"; path = "Target Support Files/Pods-LEDBoard-LEDBoardUITests/Pods-LEDBoard-LEDBoardUITests.release.xcconfig"; sourceTree = "<group>"; };
		0316BE0996F09D02C8E9BC73 /* Pods_LEDBoard.framework */ = {isa = PBXFileReference; explicitFileType = wrapper.framework; includeInIndex = 0; path = Pods_LEDBoard.framework; sourceTree = BUILT_PRODUCTS_DIR; };
		08B98817276346DF0088CD63 /* LEDBoard.app */ = {isa = PBXFileReference; explicitFileType = wrapper.application; includeInIndex = 0; path = LEDBoard.app; sourceTree = BUILT_PRODUCTS_DIR; };
		08B9881A276346DF0088CD63 /* AppDelegate.h */ = {isa = PBXFileReference; lastKnownFileType = sourcecode.c.h; path = AppDelegate.h; sourceTree = "<group>"; };
		08B9881B276346DF0088CD63 /* AppDelegate.m */ = {isa = PBXFileReference; lastKnownFileType = sourcecode.c.objc; path = AppDelegate.m; sourceTree = "<group>"; };
		08B9881D276346DF0088CD63 /* SceneDelegate.h */ = {isa = PBXFileReference; lastKnownFileType = sourcecode.c.h; path = SceneDelegate.h; sourceTree = "<group>"; };
		08B9881E276346DF0088CD63 /* SceneDelegate.m */ = {isa = PBXFileReference; lastKnownFileType = sourcecode.c.objc; path = SceneDelegate.m; sourceTree = "<group>"; };
		08B98820276346DF0088CD63 /* ViewController.h */ = {isa = PBXFileReference; lastKnownFileType = sourcecode.c.h; path = ViewController.h; sourceTree = "<group>"; };
		08B98821276346DF0088CD63 /* ViewController.m */ = {isa = PBXFileReference; lastKnownFileType = sourcecode.c.objc; path = ViewController.m; sourceTree = "<group>"; };
		08B98824276346DF0088CD63 /* Base */ = {isa = PBXFileReference; lastKnownFileType = file.storyboard; name = Base; path = Base.lproj/Main.storyboard; sourceTree = "<group>"; };
		08B98826276346E40088CD63 /* Assets.xcassets */ = {isa = PBXFileReference; lastKnownFileType = folder.assetcatalog; path = Assets.xcassets; sourceTree = "<group>"; };
		08B98829276346E40088CD63 /* Base */ = {isa = PBXFileReference; lastKnownFileType = file.storyboard; name = Base; path = Base.lproj/LaunchScreen.storyboard; sourceTree = "<group>"; };
		08B9882B276346E40088CD63 /* Info.plist */ = {isa = PBXFileReference; lastKnownFileType = text.plist.xml; path = Info.plist; sourceTree = "<group>"; };
		08B9882C276346E40088CD63 /* main.m */ = {isa = PBXFileReference; lastKnownFileType = sourcecode.c.objc; path = main.m; sourceTree = "<group>"; };
		08B98832276346E40088CD63 /* LEDBoardTests.xctest */ = {isa = PBXFileReference; explicitFileType = wrapper.cfbundle; includeInIndex = 0; path = LEDBoardTests.xctest; sourceTree = BUILT_PRODUCTS_DIR; };
		08B98836276346E40088CD63 /* LEDBoardTests.m */ = {isa = PBXFileReference; lastKnownFileType = sourcecode.c.objc; path = LEDBoardTests.m; sourceTree = "<group>"; };
		08B9883C276346E40088CD63 /* LEDBoardUITests.xctest */ = {isa = PBXFileReference; explicitFileType = wrapper.cfbundle; includeInIndex = 0; path = LEDBoardUITests.xctest; sourceTree = BUILT_PRODUCTS_DIR; };
		08B98840276346E40088CD63 /* LEDBoardUITests.m */ = {isa = PBXFileReference; lastKnownFileType = sourcecode.c.objc; path = LEDBoardUITests.m; sourceTree = "<group>"; };
		08B98842276346E40088CD63 /* LEDBoardUITestsLaunchTests.m */ = {isa = PBXFileReference; lastKnownFileType = sourcecode.c.objc; path = LEDBoardUITestsLaunchTests.m; sourceTree = "<group>"; };
		4752A51F1E985A32AEA1B71A /* Pods-LEDBoard.release.xcconfig */ = {isa = PBXFileReference; includeInIndex = 1; lastKnownFileType = text.xcconfig; name = "Pods-LEDBoard.release.xcconfig"; path = "Target Support Files/Pods-LEDBoard/Pods-LEDBoard.release.xcconfig"; sourceTree = "<group>"; };
		4B2AF9647A116DD394FC2E52 /* Pods_LEDBoardTests.framework */ = {isa = PBXFileReference; explicitFileType = wrapper.framework; includeInIndex = 0; path = Pods_LEDBoardTests.framework; sourceTree = BUILT_PRODUCTS_DIR; };
		591DC673DC1AF5F4A6F53686 /* Pods-LEDBoardTests.debug.xcconfig */ = {isa = PBXFileReference; includeInIndex = 1; lastKnownFileType = text.xcconfig; name = "Pods-LEDBoardTests.debug.xcconfig"; path = "Target Support Files/Pods-LEDBoardTests/Pods-LEDBoardTests.debug.xcconfig"; sourceTree = "<group>"; };
		8E1FE0503515AAB9F65DDF8B /* Pods-LEDBoard.debug.xcconfig */ = {isa = PBXFileReference; includeInIndex = 1; lastKnownFileType = text.xcconfig; name = "Pods-LEDBoard.debug.xcconfig"; path = "Target Support Files/Pods-LEDBoard/Pods-LEDBoard.debug.xcconfig"; sourceTree = "<group>"; };
		C94D646DB0C6FD22289E1640 /* Pods_LEDBoard_LEDBoardUITests.framework */ = {isa = PBXFileReference; explicitFileType = wrapper.framework; includeInIndex = 0; path = Pods_LEDBoard_LEDBoardUITests.framework; sourceTree = BUILT_PRODUCTS_DIR; };
		CA972B53139DAAB7F746A017 /* Pods-LEDBoard-LEDBoardUITests.debug.xcconfig */ = {isa = PBXFileReference; includeInIndex = 1; lastKnownFileType = text.xcconfig; name = "Pods-LEDBoard-LEDBoardUITests.debug.xcconfig"; path = "Target Support Files/Pods-LEDBoard-LEDBoardUITests/Pods-LEDBoard-LEDBoardUITests.debug.xcconfig"; sourceTree = "<group>"; };
		DE84316B01EAB33670100F4E /* Pods-LEDBoardTests.release.xcconfig */ = {isa = PBXFileReference; includeInIndex = 1; lastKnownFileType = text.xcconfig; name = "Pods-LEDBoardTests.release.xcconfig"; path = "Target Support Files/Pods-LEDBoardTests/Pods-LEDBoardTests.release.xcconfig"; sourceTree = "<group>"; };
/* End PBXFileReference section */

/* Begin PBXFrameworksBuildPhase section */
		08B98814276346DE0088CD63 /* Frameworks */ = {
			isa = PBXFrameworksBuildPhase;
			buildActionMask = 2147483647;
			files = (
				47FB8F3F6EE114A8B1435FDD /* Pods_LEDBoard.framework in Frameworks */,
			);
			runOnlyForDeploymentPostprocessing = 0;
		};
		08B9882F276346E40088CD63 /* Frameworks */ = {
			isa = PBXFrameworksBuildPhase;
			buildActionMask = 2147483647;
			files = (
				A223548DCAC446834D9A30EC /* Pods_LEDBoardTests.framework in Frameworks */,
			);
			runOnlyForDeploymentPostprocessing = 0;
		};
		08B98839276346E40088CD63 /* Frameworks */ = {
			isa = PBXFrameworksBuildPhase;
			buildActionMask = 2147483647;
			files = (
				35ED37F4ACAFD3F5A01E8D4B /* Pods_LEDBoard_LEDBoardUITests.framework in Frameworks */,
			);
			runOnlyForDeploymentPostprocessing = 0;
		};
/* End PBXFrameworksBuildPhase section */

/* Begin PBXGroup section */
		08B9880E276346DE0088CD63 = {
			isa = PBXGroup;
			children = (
				08B98819276346DF0088CD63 /* LEDBoard */,
				08B98835276346E40088CD63 /* LEDBoardTests */,
				08B9883F276346E40088CD63 /* LEDBoardUITests */,
				08B98818276346DF0088CD63 /* Products */,
				0932A92033F1A793B586C231 /* Pods */,
				3DE29F59D111760B17208F94 /* Frameworks */,
			);
			sourceTree = "<group>";
		};
		08B98818276346DF0088CD63 /* Products */ = {
			isa = PBXGroup;
			children = (
				08B98817276346DF0088CD63 /* LEDBoard.app */,
				08B98832276346E40088CD63 /* LEDBoardTests.xctest */,
				08B9883C276346E40088CD63 /* LEDBoardUITests.xctest */,
			);
			name = Products;
			sourceTree = "<group>";
		};
		08B98819276346DF0088CD63 /* LEDBoard */ = {
			isa = PBXGroup;
			children = (
				08B9881A276346DF0088CD63 /* AppDelegate.h */,
				08B9881B276346DF0088CD63 /* AppDelegate.m */,
				08B9881D276346DF0088CD63 /* SceneDelegate.h */,
				08B9881E276346DF0088CD63 /* SceneDelegate.m */,
				08B98820276346DF0088CD63 /* ViewController.h */,
				08B98821276346DF0088CD63 /* ViewController.m */,
				08B98823276346DF0088CD63 /* Main.storyboard */,
				08B98826276346E40088CD63 /* Assets.xcassets */,
				08B98828276346E40088CD63 /* LaunchScreen.storyboard */,
				08B9882B276346E40088CD63 /* Info.plist */,
				08B9882C276346E40088CD63 /* main.m */,
			);
			path = LEDBoard;
			sourceTree = "<group>";
		};
		08B98835276346E40088CD63 /* LEDBoardTests */ = {
			isa = PBXGroup;
			children = (
				08B98836276346E40088CD63 /* LEDBoardTests.m */,
			);
			path = LEDBoardTests;
			sourceTree = "<group>";
		};
		08B9883F276346E40088CD63 /* LEDBoardUITests */ = {
			isa = PBXGroup;
			children = (
				08B98840276346E40088CD63 /* LEDBoardUITests.m */,
				08B98842276346E40088CD63 /* LEDBoardUITestsLaunchTests.m */,
			);
			path = LEDBoardUITests;
			sourceTree = "<group>";
		};
		0932A92033F1A793B586C231 /* Pods */ = {
			isa = PBXGroup;
			children = (
				8E1FE0503515AAB9F65DDF8B /* Pods-LEDBoard.debug.xcconfig */,
				4752A51F1E985A32AEA1B71A /* Pods-LEDBoard.release.xcconfig */,
				CA972B53139DAAB7F746A017 /* Pods-LEDBoard-LEDBoardUITests.debug.xcconfig */,
				01CB9F7D62C05FA28DFC7E0A /* Pods-LEDBoard-LEDBoardUITests.release.xcconfig */,
				591DC673DC1AF5F4A6F53686 /* Pods-LEDBoardTests.debug.xcconfig */,
				DE84316B01EAB33670100F4E /* Pods-LEDBoardTests.release.xcconfig */,
			);
			name = Pods;
			path = Pods;
			sourceTree = "<group>";
		};
		3DE29F59D111760B17208F94 /* Frameworks */ = {
			isa = PBXGroup;
			children = (
				0316BE0996F09D02C8E9BC73 /* Pods_LEDBoard.framework */,
				C94D646DB0C6FD22289E1640 /* Pods_LEDBoard_LEDBoardUITests.framework */,
				4B2AF9647A116DD394FC2E52 /* Pods_LEDBoardTests.framework */,
			);
			name = Frameworks;
			sourceTree = "<group>";
		};
/* End PBXGroup section */

/* Begin PBXNativeTarget section */
		08B98816276346DE0088CD63 /* LEDBoard */ = {
			isa = PBXNativeTarget;
			buildConfigurationList = 08B98846276346E40088CD63 /* Build configuration list for PBXNativeTarget "LEDBoard" */;
			buildPhases = (
				D9DE416CD3923665DD228718 /* [CP] Check Pods Manifest.lock */,
				08B98813276346DE0088CD63 /* Sources */,
				08B98814276346DE0088CD63 /* Frameworks */,
				08B98815276346DE0088CD63 /* Resources */,
				8EFE389BE34C15EA1575E67B /* [CP] Embed Pods Frameworks */,
			);
			buildRules = (
			);
			dependencies = (
			);
			name = LEDBoard;
			productName = LEDBoard;
			productReference = 08B98817276346DF0088CD63 /* LEDBoard.app */;
			productType = "com.apple.product-type.application";
		};
		08B98831276346E40088CD63 /* LEDBoardTests */ = {
			isa = PBXNativeTarget;
			buildConfigurationList = 08B98849276346E40088CD63 /* Build configuration list for PBXNativeTarget "LEDBoardTests" */;
			buildPhases = (
				B17C72C782CA9C98C0F92188 /* [CP] Check Pods Manifest.lock */,
				08B9882E276346E40088CD63 /* Sources */,
				08B9882F276346E40088CD63 /* Frameworks */,
				08B98830276346E40088CD63 /* Resources */,
			);
			buildRules = (
			);
			dependencies = (
				08B98834276346E40088CD63 /* PBXTargetDependency */,
			);
			name = LEDBoardTests;
			productName = LEDBoardTests;
			productReference = 08B98832276346E40088CD63 /* LEDBoardTests.xctest */;
			productType = "com.apple.product-type.bundle.unit-test";
		};
		08B9883B276346E40088CD63 /* LEDBoardUITests */ = {
			isa = PBXNativeTarget;
			buildConfigurationList = 08B9884C276346E40088CD63 /* Build configuration list for PBXNativeTarget "LEDBoardUITests" */;
			buildPhases = (
				C2E53EB61901A71ECCB0201B /* [CP] Check Pods Manifest.lock */,
				08B98838276346E40088CD63 /* Sources */,
				08B98839276346E40088CD63 /* Frameworks */,
				08B9883A276346E40088CD63 /* Resources */,
				F53058D993CF2B7A9271C9B0 /* [CP] Embed Pods Frameworks */,
			);
			buildRules = (
			);
			dependencies = (
				08B9883E276346E40088CD63 /* PBXTargetDependency */,
			);
			name = LEDBoardUITests;
			productName = LEDBoardUITests;
			productReference = 08B9883C276346E40088CD63 /* LEDBoardUITests.xctest */;
			productType = "com.apple.product-type.bundle.ui-testing";
		};
/* End PBXNativeTarget section */

/* Begin PBXProject section */
		08B9880F276346DE0088CD63 /* Project object */ = {
			isa = PBXProject;
			attributes = {
				BuildIndependentTargetsInParallel = 1;
				LastUpgradeCheck = 1300;
				TargetAttributes = {
					08B98816276346DE0088CD63 = {
						CreatedOnToolsVersion = 13.0;
					};
					08B98831276346E40088CD63 = {
						CreatedOnToolsVersion = 13.0;
						TestTargetID = 08B98816276346DE0088CD63;
					};
					08B9883B276346E40088CD63 = {
						CreatedOnToolsVersion = 13.0;
						TestTargetID = 08B98816276346DE0088CD63;
					};
				};
			};
			buildConfigurationList = 08B98812276346DE0088CD63 /* Build configuration list for PBXProject "LEDBoard" */;
			compatibilityVersion = "Xcode 13.0";
			developmentRegion = en;
			hasScannedForEncodings = 0;
			knownRegions = (
				en,
				Base,
			);
			mainGroup = 08B9880E276346DE0088CD63;
			productRefGroup = 08B98818276346DF0088CD63 /* Products */;
			projectDirPath = "";
			projectRoot = "";
			targets = (
				08B98816276346DE0088CD63 /* LEDBoard */,
				08B98831276346E40088CD63 /* LEDBoardTests */,
				08B9883B276346E40088CD63 /* LEDBoardUITests */,
			);
		};
/* End PBXProject section */

/* Begin PBXResourcesBuildPhase section */
		08B98815276346DE0088CD63 /* Resources */ = {
			isa = PBXResourcesBuildPhase;
			buildActionMask = 2147483647;
			files = (
				08B9882A276346E40088CD63 /* LaunchScreen.storyboard in Resources */,
				08B98827276346E40088CD63 /* Assets.xcassets in Resources */,
				08B98825276346DF0088CD63 /* Main.storyboard in Resources */,
			);
			runOnlyForDeploymentPostprocessing = 0;
		};
		08B98830276346E40088CD63 /* Resources */ = {
			isa = PBXResourcesBuildPhase;
			buildActionMask = 2147483647;
			files = (
			);
			runOnlyForDeploymentPostprocessing = 0;
		};
		08B9883A276346E40088CD63 /* Resources */ = {
			isa = PBXResourcesBuildPhase;
			buildActionMask = 2147483647;
			files = (
			);
			runOnlyForDeploymentPostprocessing = 0;
		};
/* End PBXResourcesBuildPhase section */

/* Begin PBXShellScriptBuildPhase section */
		8EFE389BE34C15EA1575E67B /* [CP] Embed Pods Frameworks */ = {
			isa = PBXShellScriptBuildPhase;
			buildActionMask = 2147483647;
			files = (
			);
			inputFileListPaths = (
				"${PODS_ROOT}/Target Support Files/Pods-LEDBoard/Pods-LEDBoard-frameworks-${CONFIGURATION}-input-files.xcfilelist",
			);
			name = "[CP] Embed Pods Frameworks";
			outputFileListPaths = (
				"${PODS_ROOT}/Target Support Files/Pods-LEDBoard/Pods-LEDBoard-frameworks-${CONFIGURATION}-output-files.xcfilelist",
			);
			runOnlyForDeploymentPostprocessing = 0;
			shellPath = /bin/sh;
			shellScript = "\"${PODS_ROOT}/Target Support Files/Pods-LEDBoard/Pods-LEDBoard-frameworks.sh\"\n";
			showEnvVarsInLog = 0;
		};
		B17C72C782CA9C98C0F92188 /* [CP] Check Pods Manifest.lock */ = {
			isa = PBXShellScriptBuildPhase;
			buildActionMask = 2147483647;
			files = (
			);
			inputFileListPaths = (
			);
			inputPaths = (
				"${PODS_PODFILE_DIR_PATH}/Podfile.lock",
				"${PODS_ROOT}/Manifest.lock",
			);
			name = "[CP] Check Pods Manifest.lock";
			outputFileListPaths = (
			);
			outputPaths = (
				"$(DERIVED_FILE_DIR)/Pods-LEDBoardTests-checkManifestLockResult.txt",
			);
			runOnlyForDeploymentPostprocessing = 0;
			shellPath = /bin/sh;
			shellScript = "diff \"${PODS_PODFILE_DIR_PATH}/Podfile.lock\" \"${PODS_ROOT}/Manifest.lock\" > /dev/null\nif [ $? != 0 ] ; then\n    # print error to STDERR\n    echo \"error: The sandbox is not in sync with the Podfile.lock. Run 'pod install' or update your CocoaPods installation.\" >&2\n    exit 1\nfi\n# This output is used by Xcode 'outputs' to avoid re-running this script phase.\necho \"SUCCESS\" > \"${SCRIPT_OUTPUT_FILE_0}\"\n";
			showEnvVarsInLog = 0;
		};
		C2E53EB61901A71ECCB0201B /* [CP] Check Pods Manifest.lock */ = {
			isa = PBXShellScriptBuildPhase;
			buildActionMask = 2147483647;
			files = (
			);
			inputFileListPaths = (
			);
			inputPaths = (
				"${PODS_PODFILE_DIR_PATH}/Podfile.lock",
				"${PODS_ROOT}/Manifest.lock",
			);
			name = "[CP] Check Pods Manifest.lock";
			outputFileListPaths = (
			);
			outputPaths = (
				"$(DERIVED_FILE_DIR)/Pods-LEDBoard-LEDBoardUITests-checkManifestLockResult.txt",
			);
			runOnlyForDeploymentPostprocessing = 0;
			shellPath = /bin/sh;
			shellScript = "diff \"${PODS_PODFILE_DIR_PATH}/Podfile.lock\" \"${PODS_ROOT}/Manifest.lock\" > /dev/null\nif [ $? != 0 ] ; then\n    # print error to STDERR\n    echo \"error: The sandbox is not in sync with the Podfile.lock. Run 'pod install' or update your CocoaPods installation.\" >&2\n    exit 1\nfi\n# This output is used by Xcode 'outputs' to avoid re-running this script phase.\necho \"SUCCESS\" > \"${SCRIPT_OUTPUT_FILE_0}\"\n";
			showEnvVarsInLog = 0;
		};
		D9DE416CD3923665DD228718 /* [CP] Check Pods Manifest.lock */ = {
			isa = PBXShellScriptBuildPhase;
			buildActionMask = 2147483647;
			files = (
			);
			inputFileListPaths = (
			);
			inputPaths = (
				"${PODS_PODFILE_DIR_PATH}/Podfile.lock",
				"${PODS_ROOT}/Manifest.lock",
			);
			name = "[CP] Check Pods Manifest.lock";
			outputFileListPaths = (
			);
			outputPaths = (
				"$(DERIVED_FILE_DIR)/Pods-LEDBoard-checkManifestLockResult.txt",
			);
			runOnlyForDeploymentPostprocessing = 0;
			shellPath = /bin/sh;
			shellScript = "diff \"${PODS_PODFILE_DIR_PATH}/Podfile.lock\" \"${PODS_ROOT}/Manifest.lock\" > /dev/null\nif [ $? != 0 ] ; then\n    # print error to STDERR\n    echo \"error: The sandbox is not in sync with the Podfile.lock. Run 'pod install' or update your CocoaPods installation.\" >&2\n    exit 1\nfi\n# This output is used by Xcode 'outputs' to avoid re-running this script phase.\necho \"SUCCESS\" > \"${SCRIPT_OUTPUT_FILE_0}\"\n";
			showEnvVarsInLog = 0;
		};
		F53058D993CF2B7A9271C9B0 /* [CP] Embed Pods Frameworks */ = {
			isa = PBXShellScriptBuildPhase;
			buildActionMask = 2147483647;
			files = (
			);
			inputFileListPaths = (
				"${PODS_ROOT}/Target Support Files/Pods-LEDBoard-LEDBoardUITests/Pods-LEDBoard-LEDBoardUITests-frameworks-${CONFIGURATION}-input-files.xcfilelist",
			);
			name = "[CP] Embed Pods Frameworks";
			outputFileListPaths = (
				"${PODS_ROOT}/Target Support Files/Pods-LEDBoard-LEDBoardUITests/Pods-LEDBoard-LEDBoardUITests-frameworks-${CONFIGURATION}-output-files.xcfilelist",
			);
			runOnlyForDeploymentPostprocessing = 0;
			shellPath = /bin/sh;
			shellScript = "\"${PODS_ROOT}/Target Support Files/Pods-LEDBoard-LEDBoardUITests/Pods-LEDBoard-LEDBoardUITests-frameworks.sh\"\n";
			showEnvVarsInLog = 0;
		};
/* End PBXShellScriptBuildPhase section */

/* Begin PBXSourcesBuildPhase section */
		08B98813276346DE0088CD63 /* Sources */ = {
			isa = PBXSourcesBuildPhase;
			buildActionMask = 2147483647;
			files = (
				08B98822276346DF0088CD63 /* ViewController.m in Sources */,
				08B9881C276346DF0088CD63 /* AppDelegate.m in Sources */,
				08B9882D276346E40088CD63 /* main.m in Sources */,
				08B9881F276346DF0088CD63 /* SceneDelegate.m in Sources */,
			);
			runOnlyForDeploymentPostprocessing = 0;
		};
		08B9882E276346E40088CD63 /* Sources */ = {
			isa = PBXSourcesBuildPhase;
			buildActionMask = 2147483647;
			files = (
				08B98837276346E40088CD63 /* LEDBoardTests.m in Sources */,
			);
			runOnlyForDeploymentPostprocessing = 0;
		};
		08B98838276346E40088CD63 /* Sources */ = {
			isa = PBXSourcesBuildPhase;
			buildActionMask = 2147483647;
			files = (
				08B98841276346E40088CD63 /* LEDBoardUITests.m in Sources */,
				08B98843276346E40088CD63 /* LEDBoardUITestsLaunchTests.m in Sources */,
			);
			runOnlyForDeploymentPostprocessing = 0;
		};
/* End PBXSourcesBuildPhase section */

/* Begin PBXTargetDependency section */
		08B98834276346E40088CD63 /* PBXTargetDependency */ = {
			isa = PBXTargetDependency;
			target = 08B98816276346DE0088CD63 /* LEDBoard */;
			targetProxy = 08B98833276346E40088CD63 /* PBXContainerItemProxy */;
		};
		08B9883E276346E40088CD63 /* PBXTargetDependency */ = {
			isa = PBXTargetDependency;
			target = 08B98816276346DE0088CD63 /* LEDBoard */;
			targetProxy = 08B9883D276346E40088CD63 /* PBXContainerItemProxy */;
		};
/* End PBXTargetDependency section */

/* Begin PBXVariantGroup section */
		08B98823276346DF0088CD63 /* Main.storyboard */ = {
			isa = PBXVariantGroup;
			children = (
				08B98824276346DF0088CD63 /* Base */,
			);
			name = Main.storyboard;
			sourceTree = "<group>";
		};
		08B98828276346E40088CD63 /* LaunchScreen.storyboard */ = {
			isa = PBXVariantGroup;
			children = (
				08B98829276346E40088CD63 /* Base */,
			);
			name = LaunchScreen.storyboard;
			sourceTree = "<group>";
		};
/* End PBXVariantGroup section */

/* Begin XCBuildConfiguration section */
		08B98844276346E40088CD63 /* Debug */ = {
			isa = XCBuildConfiguration;
			buildSettings = {
				ALWAYS_SEARCH_USER_PATHS = NO;
				CLANG_ANALYZER_NONNULL = YES;
				CLANG_ANALYZER_NUMBER_OBJECT_CONVERSION = YES_AGGRESSIVE;
				CLANG_CXX_LANGUAGE_STANDARD = "gnu++17";
				CLANG_CXX_LIBRARY = "libc++";
				CLANG_ENABLE_MODULES = YES;
				CLANG_ENABLE_OBJC_ARC = YES;
				CLANG_ENABLE_OBJC_WEAK = YES;
				CLANG_WARN_BLOCK_CAPTURE_AUTORELEASING = YES;
				CLANG_WARN_BOOL_CONVERSION = YES;
				CLANG_WARN_COMMA = YES;
				CLANG_WARN_CONSTANT_CONVERSION = YES;
				CLANG_WARN_DEPRECATED_OBJC_IMPLEMENTATIONS = YES;
				CLANG_WARN_DIRECT_OBJC_ISA_USAGE = YES_ERROR;
				CLANG_WARN_DOCUMENTATION_COMMENTS = YES;
				CLANG_WARN_EMPTY_BODY = YES;
				CLANG_WARN_ENUM_CONVERSION = YES;
				CLANG_WARN_INFINITE_RECURSION = YES;
				CLANG_WARN_INT_CONVERSION = YES;
				CLANG_WARN_NON_LITERAL_NULL_CONVERSION = YES;
				CLANG_WARN_OBJC_IMPLICIT_RETAIN_SELF = YES;
				CLANG_WARN_OBJC_LITERAL_CONVERSION = YES;
				CLANG_WARN_OBJC_ROOT_CLASS = YES_ERROR;
				CLANG_WARN_QUOTED_INCLUDE_IN_FRAMEWORK_HEADER = YES;
				CLANG_WARN_RANGE_LOOP_ANALYSIS = YES;
				CLANG_WARN_STRICT_PROTOTYPES = YES;
				CLANG_WARN_SUSPICIOUS_MOVE = YES;
				CLANG_WARN_UNGUARDED_AVAILABILITY = YES_AGGRESSIVE;
				CLANG_WARN_UNREACHABLE_CODE = YES;
				CLANG_WARN__DUPLICATE_METHOD_MATCH = YES;
				COPY_PHASE_STRIP = NO;
				DEBUG_INFORMATION_FORMAT = dwarf;
				ENABLE_STRICT_OBJC_MSGSEND = YES;
				ENABLE_TESTABILITY = YES;
				GCC_C_LANGUAGE_STANDARD = gnu11;
				GCC_DYNAMIC_NO_PIC = NO;
				GCC_NO_COMMON_BLOCKS = YES;
				GCC_OPTIMIZATION_LEVEL = 0;
				GCC_PREPROCESSOR_DEFINITIONS = (
					"DEBUG=1",
					"$(inherited)",
				);
				GCC_WARN_64_TO_32_BIT_CONVERSION = YES;
				GCC_WARN_ABOUT_RETURN_TYPE = YES_ERROR;
				GCC_WARN_UNDECLARED_SELECTOR = YES;
				GCC_WARN_UNINITIALIZED_AUTOS = YES_AGGRESSIVE;
				GCC_WARN_UNUSED_FUNCTION = YES;
				GCC_WARN_UNUSED_VARIABLE = YES;
				IPHONEOS_DEPLOYMENT_TARGET = 15.0;
				MTL_ENABLE_DEBUG_INFO = INCLUDE_SOURCE;
				MTL_FAST_MATH = YES;
				ONLY_ACTIVE_ARCH = YES;
				SDKROOT = iphoneos;
			};
			name = Debug;
		};
		08B98845276346E40088CD63 /* Release */ = {
			isa = XCBuildConfiguration;
			buildSettings = {
				ALWAYS_SEARCH_USER_PATHS = NO;
				CLANG_ANALYZER_NONNULL = YES;
				CLANG_ANALYZER_NUMBER_OBJECT_CONVERSION = YES_AGGRESSIVE;
				CLANG_CXX_LANGUAGE_STANDARD = "gnu++17";
				CLANG_CXX_LIBRARY = "libc++";
				CLANG_ENABLE_MODULES = YES;
				CLANG_ENABLE_OBJC_ARC = YES;
				CLANG_ENABLE_OBJC_WEAK = YES;
				CLANG_WARN_BLOCK_CAPTURE_AUTORELEASING = YES;
				CLANG_WARN_BOOL_CONVERSION = YES;
				CLANG_WARN_COMMA = YES;
				CLANG_WARN_CONSTANT_CONVERSION = YES;
				CLANG_WARN_DEPRECATED_OBJC_IMPLEMENTATIONS = YES;
				CLANG_WARN_DIRECT_OBJC_ISA_USAGE = YES_ERROR;
				CLANG_WARN_DOCUMENTATION_COMMENTS = YES;
				CLANG_WARN_EMPTY_BODY = YES;
				CLANG_WARN_ENUM_CONVERSION = YES;
				CLANG_WARN_INFINITE_RECURSION = YES;
				CLANG_WARN_INT_CONVERSION = YES;
				CLANG_WARN_NON_LITERAL_NULL_CONVERSION = YES;
				CLANG_WARN_OBJC_IMPLICIT_RETAIN_SELF = YES;
				CLANG_WARN_OBJC_LITERAL_CONVERSION = YES;
				CLANG_WARN_OBJC_ROOT_CLASS = YES_ERROR;
				CLANG_WARN_QUOTED_INCLUDE_IN_FRAMEWORK_HEADER = YES;
				CLANG_WARN_RANGE_LOOP_ANALYSIS = YES;
				CLANG_WARN_STRICT_PROTOTYPES = YES;
				CLANG_WARN_SUSPICIOUS_MOVE = YES;
				CLANG_WARN_UNGUARDED_AVAILABILITY = YES_AGGRESSIVE;
				CLANG_WARN_UNREACHABLE_CODE = YES;
				CLANG_WARN__DUPLICATE_METHOD_MATCH = YES;
				COPY_PHASE_STRIP = NO;
				DEBUG_INFORMATION_FORMAT = "dwarf-with-dsym";
				ENABLE_NS_ASSERTIONS = NO;
				ENABLE_STRICT_OBJC_MSGSEND = YES;
				GCC_C_LANGUAGE_STANDARD = gnu11;
				GCC_NO_COMMON_BLOCKS = YES;
				GCC_WARN_64_TO_32_BIT_CONVERSION = YES;
				GCC_WARN_ABOUT_RETURN_TYPE = YES_ERROR;
				GCC_WARN_UNDECLARED_SELECTOR = YES;
				GCC_WARN_UNINITIALIZED_AUTOS = YES_AGGRESSIVE;
				GCC_WARN_UNUSED_FUNCTION = YES;
				GCC_WARN_UNUSED_VARIABLE = YES;
				IPHONEOS_DEPLOYMENT_TARGET = 15.0;
				MTL_ENABLE_DEBUG_INFO = NO;
				MTL_FAST_MATH = YES;
				SDKROOT = iphoneos;
				VALIDATE_PRODUCT = YES;
			};
			name = Release;
		};
		08B98847276346E40088CD63 /* Debug */ = {
			isa = XCBuildConfiguration;
			baseConfigurationReference = 8E1FE0503515AAB9F65DDF8B /* Pods-LEDBoard.debug.xcconfig */;
			buildSettings = {
				ASSETCATALOG_COMPILER_APPICON_NAME = AppIcon;
				ASSETCATALOG_COMPILER_GLOBAL_ACCENT_COLOR_NAME = AccentColor;
				CODE_SIGN_STYLE = Automatic;
				CURRENT_PROJECT_VERSION = 1;
				GENERATE_INFOPLIST_FILE = YES;
				INFOPLIST_FILE = LEDBoard/Info.plist;
				INFOPLIST_KEY_UIApplicationSupportsIndirectInputEvents = YES;
				INFOPLIST_KEY_UILaunchStoryboardName = LaunchScreen;
				INFOPLIST_KEY_UIMainStoryboardFile = Main;
				INFOPLIST_KEY_UISupportedInterfaceOrientations_iPad = "UIInterfaceOrientationPortrait UIInterfaceOrientationPortraitUpsideDown UIInterfaceOrientationLandscapeLeft UIInterfaceOrientationLandscapeRight";
				INFOPLIST_KEY_UISupportedInterfaceOrientations_iPhone = "UIInterfaceOrientationPortrait UIInterfaceOrientationLandscapeLeft UIInterfaceOrientationLandscapeRight";
				LD_RUNPATH_SEARCH_PATHS = (
					"$(inherited)",
					"@executable_path/Frameworks",
				);
				MARKETING_VERSION = 1.0;
				PRODUCT_BUNDLE_IDENTIFIER = Xin.LEDBoard;
				PRODUCT_NAME = "$(TARGET_NAME)";
				SWIFT_EMIT_LOC_STRINGS = YES;
				TARGETED_DEVICE_FAMILY = "1,2";
			};
			name = Debug;
		};
		08B98848276346E40088CD63 /* Release */ = {
			isa = XCBuildConfiguration;
			baseConfigurationReference = 4752A51F1E985A32AEA1B71A /* Pods-LEDBoard.release.xcconfig */;
			buildSettings = {
				ASSETCATALOG_COMPILER_APPICON_NAME = AppIcon;
				ASSETCATALOG_COMPILER_GLOBAL_ACCENT_COLOR_NAME = AccentColor;
				CODE_SIGN_STYLE = Automatic;
				CURRENT_PROJECT_VERSION = 1;
				GENERATE_INFOPLIST_FILE = YES;
				INFOPLIST_FILE = LEDBoard/Info.plist;
				INFOPLIST_KEY_UIApplicationSupportsIndirectInputEvents = YES;
				INFOPLIST_KEY_UILaunchStoryboardName = LaunchScreen;
				INFOPLIST_KEY_UIMainStoryboardFile = Main;
				INFOPLIST_KEY_UISupportedInterfaceOrientations_iPad = "UIInterfaceOrientationPortrait UIInterfaceOrientationPortraitUpsideDown UIInterfaceOrientationLandscapeLeft UIInterfaceOrientationLandscapeRight";
				INFOPLIST_KEY_UISupportedInterfaceOrientations_iPhone = "UIInterfaceOrientationPortrait UIInterfaceOrientationLandscapeLeft UIInterfaceOrientationLandscapeRight";
				LD_RUNPATH_SEARCH_PATHS = (
					"$(inherited)",
					"@executable_path/Frameworks",
				);
				MARKETING_VERSION = 1.0;
				PRODUCT_BUNDLE_IDENTIFIER = Xin.LEDBoard;
				PRODUCT_NAME = "$(TARGET_NAME)";
				SWIFT_EMIT_LOC_STRINGS = YES;
				TARGETED_DEVICE_FAMILY = "1,2";
			};
			name = Release;
		};
		08B9884A276346E40088CD63 /* Debug */ = {
			isa = XCBuildConfiguration;
			baseConfigurationReference = 591DC673DC1AF5F4A6F53686 /* Pods-LEDBoardTests.debug.xcconfig */;
			buildSettings = {
				BUNDLE_LOADER = "$(TEST_HOST)";
				CODE_SIGN_STYLE = Automatic;
				CURRENT_PROJECT_VERSION = 1;
				GENERATE_INFOPLIST_FILE = YES;
				IPHONEOS_DEPLOYMENT_TARGET = 15.0;
				LD_RUNPATH_SEARCH_PATHS = (
					"$(inherited)",
					"@executable_path/Frameworks",
					"@loader_path/Frameworks",
				);
				MARKETING_VERSION = 1.0;
				PRODUCT_BUNDLE_IDENTIFIER = Xin.LEDBoardTests;
				PRODUCT_NAME = "$(TARGET_NAME)";
				SWIFT_EMIT_LOC_STRINGS = NO;
				TARGETED_DEVICE_FAMILY = "1,2";
				TEST_HOST = "$(BUILT_PRODUCTS_DIR)/LEDBoard.app/LEDBoard";
			};
			name = Debug;
		};
		08B9884B276346E40088CD63 /* Release */ = {
			isa = XCBuildConfiguration;
			baseConfigurationReference = DE84316B01EAB33670100F4E /* Pods-LEDBoardTests.release.xcconfig */;
			buildSettings = {
				BUNDLE_LOADER = "$(TEST_HOST)";
				CODE_SIGN_STYLE = Automatic;
				CURRENT_PROJECT_VERSION = 1;
				GENERATE_INFOPLIST_FILE = YES;
				IPHONEOS_DEPLOYMENT_TARGET = 15.0;
				LD_RUNPATH_SEARCH_PATHS = (
					"$(inherited)",
					"@executable_path/Frameworks",
					"@loader_path/Frameworks",
				);
				MARKETING_VERSION = 1.0;
				PRODUCT_BUNDLE_IDENTIFIER = Xin.LEDBoardTests;
				PRODUCT_NAME = "$(TARGET_NAME)";
				SWIFT_EMIT_LOC_STRINGS = NO;
				TARGETED_DEVICE_FAMILY = "1,2";
				TEST_HOST = "$(BUILT_PRODUCTS_DIR)/LEDBoard.app/LEDBoard";
			};
			name = Release;
		};
		08B9884D276346E40088CD63 /* Debug */ = {
			isa = XCBuildConfiguration;
			baseConfigurationReference = CA972B53139DAAB7F746A017 /* Pods-LEDBoard-LEDBoardUITests.debug.xcconfig */;
			buildSettings = {
				CODE_SIGN_STYLE = Automatic;
				CURRENT_PROJECT_VERSION = 1;
				GENERATE_INFOPLIST_FILE = YES;
				LD_RUNPATH_SEARCH_PATHS = (
					"$(inherited)",
					"@executable_path/Frameworks",
					"@loader_path/Frameworks",
				);
				MARKETING_VERSION = 1.0;
				PRODUCT_BUNDLE_IDENTIFIER = Xin.LEDBoardUITests;
				PRODUCT_NAME = "$(TARGET_NAME)";
				SWIFT_EMIT_LOC_STRINGS = NO;
				TARGETED_DEVICE_FAMILY = "1,2";
				TEST_TARGET_NAME = LEDBoard;
			};
			name = Debug;
		};
		08B9884E276346E40088CD63 /* Release */ = {
			isa = XCBuildConfiguration;
			baseConfigurationReference = 01CB9F7D62C05FA28DFC7E0A /* Pods-LEDBoard-LEDBoardUITests.release.xcconfig */;
			buildSettings = {
				CODE_SIGN_STYLE = Automatic;
				CURRENT_PROJECT_VERSION = 1;
				GENERATE_INFOPLIST_FILE = YES;
				LD_RUNPATH_SEARCH_PATHS = (
					"$(inherited)",
					"@executable_path/Frameworks",
					"@loader_path/Frameworks",
				);
				MARKETING_VERSION = 1.0;
				PRODUCT_BUNDLE_IDENTIFIER = Xin.LEDBoardUITests;
				PRODUCT_NAME = "$(TARGET_NAME)";
				SWIFT_EMIT_LOC_STRINGS = NO;
				TARGETED_DEVICE_FAMILY = "1,2";
				TEST_TARGET_NAME = LEDBoard;
			};
			name = Release;
		};
/* End XCBuildConfiguration section */

/* Begin XCConfigurationList section */
		08B98812276346DE0088CD63 /* Build configuration list for PBXProject "LEDBoard" */ = {
			isa = XCConfigurationList;
			buildConfigurations = (
				08B98844276346E40088CD63 /* Debug */,
				08B98845276346E40088CD63 /* Release */,
			);
			defaultConfigurationIsVisible = 0;
			defaultConfigurationName = Release;
		};
		08B98846276346E40088CD63 /* Build configuration list for PBXNativeTarget "LEDBoard" */ = {
			isa = XCConfigurationList;
			buildConfigurations = (
				08B98847276346E40088CD63 /* Debug */,
				08B98848276346E40088CD63 /* Release */,
			);
			defaultConfigurationIsVisible = 0;
			defaultConfigurationName = Release;
		};
		08B98849276346E40088CD63 /* Build configuration list for PBXNativeTarget "LEDBoardTests" */ = {
			isa = XCConfigurationList;
			buildConfigurations = (
				08B9884A276346E40088CD63 /* Debug */,
				08B9884B276346E40088CD63 /* Release */,
			);
			defaultConfigurationIsVisible = 0;
			defaultConfigurationName = Release;
		};
		08B9884C276346E40088CD63 /* Build configuration list for PBXNativeTarget "LEDBoardUITests" */ = {
			isa = XCConfigurationList;
			buildConfigurations = (
				08B9884D276346E40088CD63 /* Debug */,
				08B9884E276346E40088CD63 /* Release */,
			);
			defaultConfigurationIsVisible = 0;
			defaultConfigurationName = Release;
		};
/* End XCConfigurationList section */
	};
	rootObject = 08B9880F276346DE0088CD63 /* Project object */;
}
